// !$*UTF8*$!
{
	archiveVersion = 1;
	classes = {
	};
	objectVersion = 46;
	objects = {

/* Begin PBXBuildFile section */
		9547F6211C801CD200E8C769 /* AppDelegate.swift in Sources */ = {isa = PBXBuildFile; fileRef = 9547F6201C801CD200E8C769 /* AppDelegate.swift */; };
		9547F6231C801CD200E8C769 /* ViewController.swift in Sources */ = {isa = PBXBuildFile; fileRef = 9547F6221C801CD200E8C769 /* ViewController.swift */; };
		9547F6261C801CD200E8C769 /* Main.storyboard in Resources */ = {isa = PBXBuildFile; fileRef = 9547F6241C801CD200E8C769 /* Main.storyboard */; };
		9547F6281C801CD200E8C769 /* Assets.xcassets in Resources */ = {isa = PBXBuildFile; fileRef = 9547F6271C801CD200E8C769 /* Assets.xcassets */; };
		9547F62B1C801CD200E8C769 /* LaunchScreen.storyboard in Resources */ = {isa = PBXBuildFile; fileRef = 9547F6291C801CD200E8C769 /* LaunchScreen.storyboard */; };
		9547F6361C801CD200E8C769 /* PlayLocalVideoTests.swift in Sources */ = {isa = PBXBuildFile; fileRef = 9547F6351C801CD200E8C769 /* PlayLocalVideoTests.swift */; };
		9547F6411C801CD200E8C769 /* PlayLocalVideoUITests.swift in Sources */ = {isa = PBXBuildFile; fileRef = 9547F6401C801CD200E8C769 /* PlayLocalVideoUITests.swift */; };
		9547F6511C80377C00E8C769 /* VideoCell.swift in Sources */ = {isa = PBXBuildFile; fileRef = 9547F6501C80377C00E8C769 /* VideoCell.swift */; };
		9547F6551C80446200E8C769 /* emoji-zone.mp4 in Resources */ = {isa = PBXBuildFile; fileRef = 9547F6521C803CE000E8C769 /* emoji-zone.mp4 */; };
/* End PBXBuildFile section */

/* Begin PBXContainerItemProxy section */
		9547F6321C801CD200E8C769 /* PBXContainerItemProxy */ = {
			isa = PBXContainerItemProxy;
			containerPortal = 9547F6151C801CD200E8C769 /* Project object */;
			proxyType = 1;
			remoteGlobalIDString = 9547F61C1C801CD200E8C769;
			remoteInfo = PlayLocalVideo;
		};
		9547F63D1C801CD200E8C769 /* PBXContainerItemProxy */ = {
			isa = PBXContainerItemProxy;
			containerPortal = 9547F6151C801CD200E8C769 /* Project object */;
			proxyType = 1;
			remoteGlobalIDString = 9547F61C1C801CD200E8C769;
			remoteInfo = PlayLocalVideo;
		};
/* End PBXContainerItemProxy section */

/* Begin PBXFileReference section */
		9547F61D1C801CD200E8C769 /* PlayLocalVideo.app */ = {isa = PBXFileReference; explicitFileType = wrapper.application; includeInIndex = 0; path = PlayLocalVideo.app; sourceTree = BUILT_PRODUCTS_DIR; };
		9547F6201C801CD200E8C769 /* AppDelegate.swift */ = {isa = PBXFileReference; lastKnownFileType = sourcecode.swift; path = AppDelegate.swift; sourceTree = "<group>"; };
		9547F6221C801CD200E8C769 /* ViewController.swift */ = {isa = PBXFileReference; lastKnownFileType = sourcecode.swift; path = ViewController.swift; sourceTree = "<group>"; };
		9547F6251C801CD200E8C769 /* Base */ = {isa = PBXFileReference; lastKnownFileType = file.storyboard; name = Base; path = Base.lproj/Main.storyboard; sourceTree = "<group>"; };
		9547F6271C801CD200E8C769 /* Assets.xcassets */ = {isa = PBXFileReference; lastKnownFileType = folder.assetcatalog; path = Assets.xcassets; sourceTree = "<group>"; };
		9547F62A1C801CD200E8C769 /* Base */ = {isa = PBXFileReference; lastKnownFileType = file.storyboard; name = Base; path = Base.lproj/LaunchScreen.storyboard; sourceTree = "<group>"; };
		9547F62C1C801CD200E8C769 /* Info.plist */ = {isa = PBXFileReference; lastKnownFileType = text.plist.xml; path = Info.plist; sourceTree = "<group>"; };
		9547F6311C801CD200E8C769 /* PlayLocalVideoTests.xctest */ = {isa = PBXFileReference; explicitFileType = wrapper.cfbundle; includeInIndex = 0; path = PlayLocalVideoTests.xctest; sourceTree = BUILT_PRODUCTS_DIR; };
		9547F6351C801CD200E8C769 /* PlayLocalVideoTests.swift */ = {isa = PBXFileReference; lastKnownFileType = sourcecode.swift; path = PlayLocalVideoTests.swift; sourceTree = "<group>"; };
		9547F6371C801CD200E8C769 /* Info.plist */ = {isa = PBXFileReference; lastKnownFileType = text.plist.xml; path = Info.plist; sourceTree = "<group>"; };
		9547F63C1C801CD200E8C769 /* PlayLocalVideoUITests.xctest */ = {isa = PBXFileReference; explicitFileType = wrapper.cfbundle; includeInIndex = 0; path = PlayLocalVideoUITests.xctest; sourceTree = BUILT_PRODUCTS_DIR; };
		9547F6401C801CD200E8C769 /* PlayLocalVideoUITests.swift */ = {isa = PBXFileReference; lastKnownFileType = sourcecode.swift; path = PlayLocalVideoUITests.swift; sourceTree = "<group>"; };
		9547F6421C801CD200E8C769 /* Info.plist */ = {isa = PBXFileReference; lastKnownFileType = text.plist.xml; path = Info.plist; sourceTree = "<group>"; };
		9547F6501C80377C00E8C769 /* VideoCell.swift */ = {isa = PBXFileReference; fileEncoding = 4; lastKnownFileType = sourcecode.swift; path = VideoCell.swift; sourceTree = "<group>"; };
		9547F6521C803CE000E8C769 /* emoji-zone.mp4 */ = {isa = PBXFileReference; lastKnownFileType = file; path = "emoji-zone.mp4"; sourceTree = "<group>"; };
/* End PBXFileReference section */

/* Begin PBXFrameworksBuildPhase section */
		9547F61A1C801CD200E8C769 /* Frameworks */ = {
			isa = PBXFrameworksBuildPhase;
			buildActionMask = 2147483647;
			files = (
			);
			runOnlyForDeploymentPostprocessing = 0;
		};
		9547F62E1C801CD200E8C769 /* Frameworks */ = {
			isa = PBXFrameworksBuildPhase;
			buildActionMask = 2147483647;
			files = (
			);
			runOnlyForDeploymentPostprocessing = 0;
		};
		9547F6391C801CD200E8C769 /* Frameworks */ = {
			isa = PBXFrameworksBuildPhase;
			buildActionMask = 2147483647;
			files = (
			);
			runOnlyForDeploymentPostprocessing = 0;
		};
/* End PBXFrameworksBuildPhase section */

/* Begin PBXGroup section */
		9547F6141C801CD200E8C769 = {
			isa = PBXGroup;
			children = (
				9547F61F1C801CD200E8C769 /* PlayLocalVideo */,
				9547F6341C801CD200E8C769 /* PlayLocalVideoTests */,
				9547F63F1C801CD200E8C769 /* PlayLocalVideoUITests */,
				9547F61E1C801CD200E8C769 /* Products */,
			);
			sourceTree = "<group>";
		};
		9547F61E1C801CD200E8C769 /* Products */ = {
			isa = PBXGroup;
			children = (
				9547F61D1C801CD200E8C769 /* PlayLocalVideo.app */,
				9547F6311C801CD200E8C769 /* PlayLocalVideoTests.xctest */,
				9547F63C1C801CD200E8C769 /* PlayLocalVideoUITests.xctest */,
			);
			name = Products;
			sourceTree = "<group>";
		};
		9547F61F1C801CD200E8C769 /* PlayLocalVideo */ = {
			isa = PBXGroup;
			children = (
				9547F6531C803CF000E8C769 /* Video */,
				9547F6201C801CD200E8C769 /* AppDelegate.swift */,
				9547F6221C801CD200E8C769 /* ViewController.swift */,
				9547F6501C80377C00E8C769 /* VideoCell.swift */,
				9547F6241C801CD200E8C769 /* Main.storyboard */,
				9547F6271C801CD200E8C769 /* Assets.xcassets */,
				9547F6291C801CD200E8C769 /* LaunchScreen.storyboard */,
				9547F62C1C801CD200E8C769 /* Info.plist */,
			);
			path = PlayLocalVideo;
			sourceTree = "<group>";
		};
		9547F6341C801CD200E8C769 /* PlayLocalVideoTests */ = {
			isa = PBXGroup;
			children = (
				9547F6351C801CD200E8C769 /* PlayLocalVideoTests.swift */,
				9547F6371C801CD200E8C769 /* Info.plist */,
			);
			path = PlayLocalVideoTests;
			sourceTree = "<group>";
		};
		9547F63F1C801CD200E8C769 /* PlayLocalVideoUITests */ = {
			isa = PBXGroup;
			children = (
				9547F6401C801CD200E8C769 /* PlayLocalVideoUITests.swift */,
				9547F6421C801CD200E8C769 /* Info.plist */,
			);
			path = PlayLocalVideoUITests;
			sourceTree = "<group>";
		};
		9547F6531C803CF000E8C769 /* Video */ = {
			isa = PBXGroup;
			children = (
				9547F6521C803CE000E8C769 /* emoji-zone.mp4 */,
			);
			name = Video;
			sourceTree = "<group>";
		};
/* End PBXGroup section */

/* Begin PBXNativeTarget section */
		9547F61C1C801CD200E8C769 /* PlayLocalVideo */ = {
			isa = PBXNativeTarget;
			buildConfigurationList = 9547F6451C801CD200E8C769 /* Build configuration list for PBXNativeTarget "PlayLocalVideo" */;
			buildPhases = (
				9547F6191C801CD200E8C769 /* Sources */,
				9547F61A1C801CD200E8C769 /* Frameworks */,
				9547F61B1C801CD200E8C769 /* Resources */,
			);
			buildRules = (
			);
			dependencies = (
			);
			name = PlayLocalVideo;
			productName = PlayLocalVideo;
			productReference = 9547F61D1C801CD200E8C769 /* PlayLocalVideo.app */;
			productType = "com.apple.product-type.application";
		};
		9547F6301C801CD200E8C769 /* PlayLocalVideoTests */ = {
			isa = PBXNativeTarget;
			buildConfigurationList = 9547F6481C801CD200E8C769 /* Build configuration list for PBXNativeTarget "PlayLocalVideoTests" */;
			buildPhases = (
				9547F62D1C801CD200E8C769 /* Sources */,
				9547F62E1C801CD200E8C769 /* Frameworks */,
				9547F62F1C801CD200E8C769 /* Resources */,
			);
			buildRules = (
			);
			dependencies = (
				9547F6331C801CD200E8C769 /* PBXTargetDependency */,
			);
			name = PlayLocalVideoTests;
			productName = PlayLocalVideoTests;
			productReference = 9547F6311C801CD200E8C769 /* PlayLocalVideoTests.xctest */;
			productType = "com.apple.product-type.bundle.unit-test";
		};
		9547F63B1C801CD200E8C769 /* PlayLocalVideoUITests */ = {
			isa = PBXNativeTarget;
			buildConfigurationList = 9547F64B1C801CD200E8C769 /* Build configuration list for PBXNativeTarget "PlayLocalVideoUITests" */;
			buildPhases = (
				9547F6381C801CD200E8C769 /* Sources */,
				9547F6391C801CD200E8C769 /* Frameworks */,
				9547F63A1C801CD200E8C769 /* Resources */,
			);
			buildRules = (
			);
			dependencies = (
				9547F63E1C801CD200E8C769 /* PBXTargetDependency */,
			);
			name = PlayLocalVideoUITests;
			productName = PlayLocalVideoUITests;
			productReference = 9547F63C1C801CD200E8C769 /* PlayLocalVideoUITests.xctest */;
			productType = "com.apple.product-type.bundle.ui-testing";
		};
/* End PBXNativeTarget section */

/* Begin PBXProject section */
		9547F6151C801CD200E8C769 /* Project object */ = {
			isa = PBXProject;
			attributes = {
				LastSwiftUpdateCheck = 0720;
				LastUpgradeCheck = 0720;
				ORGANIZATIONNAME = marquis;
				TargetAttributes = {
					9547F61C1C801CD200E8C769 = {
						CreatedOnToolsVersion = 7.2;
					};
					9547F6301C801CD200E8C769 = {
						CreatedOnToolsVersion = 7.2;
						TestTargetID = 9547F61C1C801CD200E8C769;
					};
					9547F63B1C801CD200E8C769 = {
						CreatedOnToolsVersion = 7.2;
						TestTargetID = 9547F61C1C801CD200E8C769;
					};
				};
			};
			buildConfigurationList = 9547F6181C801CD200E8C769 /* Build configuration list for PBXProject "PlayLocalVideo" */;
			compatibilityVersion = "Xcode 3.2";
			developmentRegion = English;
			hasScannedForEncodings = 0;
			knownRegions = (
				en,
				Base,
			);
			mainGroup = 9547F6141C801CD200E8C769;
			productRefGroup = 9547F61E1C801CD200E8C769 /* Products */;
			projectDirPath = "";
			projectRoot = "";
			targets = (
				9547F61C1C801CD200E8C769 /* PlayLocalVideo */,
				9547F6301C801CD200E8C769 /* PlayLocalVideoTests */,
				9547F63B1C801CD200E8C769 /* PlayLocalVideoUITests */,
			);
		};
/* End PBXProject section */

/* Begin PBXResourcesBuildPhase section */
		9547F61B1C801CD200E8C769 /* Resources */ = {
			isa = PBXResourcesBuildPhase;
			buildActionMask = 2147483647;
			files = (
				9547F6551C80446200E8C769 /* emoji-zone.mp4 in Resources */,
				9547F62B1C801CD200E8C769 /* LaunchScreen.storyboard in Resources */,
				9547F6281C801CD200E8C769 /* Assets.xcassets in Resources */,
				9547F6261C801CD200E8C769 /* Main.storyboard in Resources */,
			);
			runOnlyForDeploymentPostprocessing = 0;
		};
		9547F62F1C801CD200E8C769 /* Resources */ = {
			isa = PBXResourcesBuildPhase;
			buildActionMask = 2147483647;
			files = (
			);
			runOnlyForDeploymentPostprocessing = 0;
		};
		9547F63A1C801CD200E8C769 /* Resources */ = {
			isa = PBXResourcesBuildPhase;
			buildActionMask = 2147483647;
			files = (
			);
			runOnlyForDeploymentPostprocessing = 0;
		};
/* End PBXResourcesBuildPhase section */

/* Begin PBXSourcesBuildPhase section */
		9547F6191C801CD200E8C769 /* Sources */ = {
			isa = PBXSourcesBuildPhase;
			buildActionMask = 2147483647;
			files = (
				9547F6231C801CD200E8C769 /* ViewController.swift in Sources */,
				9547F6211C801CD200E8C769 /* AppDelegate.swift in Sources */,
				9547F6511C80377C00E8C769 /* VideoCell.swift in Sources */,
			);
			runOnlyForDeploymentPostprocessing = 0;
		};
		9547F62D1C801CD200E8C769 /* Sources */ = {
			isa = PBXSourcesBuildPhase;
			buildActionMask = 2147483647;
			files = (
				9547F6361C801CD200E8C769 /* PlayLocalVideoTests.swift in Sources */,
			);
			runOnlyForDeploymentPostprocessing = 0;
		};
		9547F6381C801CD200E8C769 /* Sources */ = {
			isa = PBXSourcesBuildPhase;
			buildActionMask = 2147483647;
			files = (
				9547F6411C801CD200E8C769 /* PlayLocalVideoUITests.swift in Sources */,
			);
			runOnlyForDeploymentPostprocessing = 0;
		};
/* End PBXSourcesBuildPhase section */

/* Begin PBXTargetDependency section */
		9547F6331C801CD200E8C769 /* PBXTargetDependency */ = {
			isa = PBXTargetDependency;
			target = 9547F61C1C801CD200E8C769 /* PlayLocalVideo */;
			targetProxy = 9547F6321C801CD200E8C769 /* PBXContainerItemProxy */;
		};
		9547F63E1C801CD200E8C769 /* PBXTargetDependency */ = {
			isa = PBXTargetDependency;
			target = 9547F61C1C801CD200E8C769 /* PlayLocalVideo */;
			targetProxy = 9547F63D1C801CD200E8C769 /* PBXContainerItemProxy */;
		};
/* End PBXTargetDependency section */

/* Begin PBXVariantGroup section */
		9547F6241C801CD200E8C769 /* Main.storyboard */ = {
			isa = PBXVariantGroup;
			children = (
				9547F6251C801CD200E8C769 /* Base */,
			);
			name = Main.storyboard;
			sourceTree = "<group>";
		};
		9547F6291C801CD200E8C769 /* LaunchScreen.storyboard */ = {
			isa = PBXVariantGroup;
			children = (
				9547F62A1C801CD200E8C769 /* Base */,
			);
			name = LaunchScreen.storyboard;
			sourceTree = "<group>";
		};
/* End PBXVariantGroup section */

/* Begin XCBuildConfiguration section */
		9547F6431C801CD200E8C769 /* Debug */ = {
			isa = XCBuildConfiguration;
			buildSettings = {
				ALWAYS_SEARCH_USER_PATHS = NO;
				CLANG_CXX_LANGUAGE_STANDARD = "gnu++0x";
				CLANG_CXX_LIBRARY = "libc++";
				CLANG_ENABLE_MODULES = YES;
				CLANG_ENABLE_OBJC_ARC = YES;
				CLANG_WARN_BOOL_CONVERSION = YES;
				CLANG_WARN_CONSTANT_CONVERSION = YES;
				CLANG_WARN_DIRECT_OBJC_ISA_USAGE = YES_ERROR;
				CLANG_WARN_EMPTY_BODY = YES;
				CLANG_WARN_ENUM_CONVERSION = YES;
				CLANG_WARN_INT_CONVERSION = YES;
				CLANG_WARN_OBJC_ROOT_CLASS = YES_ERROR;
				CLANG_WARN_UNREACHABLE_CODE = YES;
				CLANG_WARN__DUPLICATE_METHOD_MATCH = YES;
				"CODE_SIGN_IDENTITY[sdk=iphoneos*]" = "iPhone Developer";
				COPY_PHASE_STRIP = NO;
				DEBUG_INFORMATION_FORMAT = dwarf;
				ENABLE_STRICT_OBJC_MSGSEND = YES;
				ENABLE_TESTABILITY = YES;
				GCC_C_LANGUAGE_STANDARD = gnu99;
				GCC_DYNAMIC_NO_PIC = NO;
				GCC_NO_COMMON_BLOCKS = YES;
				GCC_OPTIMIZATION_LEVEL = 0;
				GCC_PREPROCESSOR_DEFINITIONS = (
					"DEBUG=1",
					"$(inherited)",
				);
				GCC_WARN_64_TO_32_BIT_CONVERSION = YES;
				GCC_WARN_ABOUT_RETURN_TYPE = YES_ERROR;
				GCC_WARN_UNDECLARED_SELECTOR = YES;
				GCC_WARN_UNINITIALIZED_AUTOS = YES_AGGRESSIVE;
				GCC_WARN_UNUSED_FUNCTION = YES;
				GCC_WARN_UNUSED_VARIABLE = YES;
				IPHONEOS_DEPLOYMENT_TARGET = 9.2;
				MTL_ENABLE_DEBUG_INFO = YES;
				ONLY_ACTIVE_ARCH = YES;
				SDKROOT = iphoneos;
				SWIFT_OPTIMIZATION_LEVEL = "-Onone";
			};
			name = Debug;
		};
		9547F6441C801CD200E8C769 /* Release */ = {
			isa = XCBuildConfiguration;
			buildSettings = {
				ALWAYS_SEARCH_USER_PATHS = NO;
				CLANG_CXX_LANGUAGE_STANDARD = "gnu++0x";
				CLANG_CXX_LIBRARY = "libc++";
				CLANG_ENABLE_MODULES = YES;
				CLANG_ENABLE_OBJC_ARC = YES;
				CLANG_WARN_BOOL_CONVERSION = YES;
				CLANG_WARN_CONSTANT_CONVERSION = YES;
				CLANG_WARN_DIRECT_OBJC_ISA_USAGE = YES_ERROR;
				CLANG_WARN_EMPTY_BODY = YES;
				CLANG_WARN_ENUM_CONVERSION = YES;
				CLANG_WARN_INT_CONVERSION = YES;
				CLANG_WARN_OBJC_ROOT_CLASS = YES_ERROR;
				CLANG_WARN_UNREACHABLE_CODE = YES;
				CLANG_WARN__DUPLICATE_METHOD_MATCH = YES;
				"CODE_SIGN_IDENTITY[sdk=iphoneos*]" = "iPhone Developer";
				COPY_PHASE_STRIP = NO;
				DEBUG_INFORMATION_FORMAT = "dwarf-with-dsym";
				ENABLE_NS_ASSERTIONS = NO;
				ENABLE_STRICT_OBJC_MSGSEND = YES;
				GCC_C_LANGUAGE_STANDARD = gnu99;
				GCC_NO_COMMON_BLOCKS = YES;
				GCC_WARN_64_TO_32_BIT_CONVERSION = YES;
				GCC_WARN_ABOUT_RETURN_TYPE = YES_ERROR;
				GCC_WARN_UNDECLARED_SELECTOR = YES;
				GCC_WARN_UNINITIALIZED_AUTOS = YES_AGGRESSIVE;
				GCC_WARN_UNUSED_FUNCTION = YES;
				GCC_WARN_UNUSED_VARIABLE = YES;
				IPHONEOS_DEPLOYMENT_TARGET = 9.2;
				MTL_ENABLE_DEBUG_INFO = NO;
				SDKROOT = iphoneos;
				VALIDATE_PRODUCT = YES;
			};
			name = Release;
		};
		9547F6461C801CD200E8C769 /* Debug */ = {
			isa = XCBuildConfiguration;
			buildSettings = {
				ASSETCATALOG_COMPILER_APPICON_NAME = AppIcon;
				INFOPLIST_FILE = PlayLocalVideo/Info.plist;
				LD_RUNPATH_SEARCH_PATHS = "$(inherited) @executable_path/Frameworks";
				PRODUCT_BUNDLE_IDENTIFIER = wheel.marquis.swift.PlayLocalVideo;
				PRODUCT_NAME = "$(TARGET_NAME)";
			};
			name = Debug;
		};
		9547F6471C801CD200E8C769 /* Release */ = {
			isa = XCBuildConfiguration;
			buildSettings = {
				ASSETCATALOG_COMPILER_APPICON_NAME = AppIcon;
				INFOPLIST_FILE = PlayLocalVideo/Info.plist;
				LD_RUNPATH_SEARCH_PATHS = "$(inherited) @executable_path/Frameworks";
				PRODUCT_BUNDLE_IDENTIFIER = wheel.marquis.swift.PlayLocalVideo;
				PRODUCT_NAME = "$(TARGET_NAME)";
			};
			name = Release;
		};
		9547F6491C801CD200E8C769 /* Debug */ = {
			isa = XCBuildConfiguration;
			buildSettings = {
				BUNDLE_LOADER = "$(TEST_HOST)";
				INFOPLIST_FILE = PlayLocalVideoTests/Info.plist;
				LD_RUNPATH_SEARCH_PATHS = "$(inherited) @executable_path/Frameworks @loader_path/Frameworks";
				PRODUCT_BUNDLE_IDENTIFIER = wheel.marquis.swift.PlayLocalVideoTests;
				PRODUCT_NAME = "$(TARGET_NAME)";
				TEST_HOST = "$(BUILT_PRODUCTS_DIR)/PlayLocalVideo.app/PlayLocalVideo";
			};
			name = Debug;
		};
		9547F64A1C801CD200E8C769 /* Release */ = {
			isa = XCBuildConfiguration;
			buildSettings = {
				BUNDLE_LOADER = "$(TEST_HOST)";
				INFOPLIST_FILE = PlayLocalVideoTests/Info.plist;
				LD_RUNPATH_SEARCH_PATHS = "$(inherited) @executable_path/Frameworks @loader_path/Frameworks";
				PRODUCT_BUNDLE_IDENTIFIER = wheel.marquis.swift.PlayLocalVideoTests;
				PRODUCT_NAME = "$(TARGET_NAME)";
				TEST_HOST = "$(BUILT_PRODUCTS_DIR)/PlayLocalVideo.app/PlayLocalVideo";
			};
			name = Release;
		};
		9547F64C1C801CD200E8C769 /* Debug */ = {
			isa = XCBuildConfiguration;
			buildSettings = {
				INFOPLIST_FILE = PlayLocalVideoUITests/Info.plist;
				LD_RUNPATH_SEARCH_PATHS = "$(inherited) @executable_path/Frameworks @loader_path/Frameworks";
				PRODUCT_BUNDLE_IDENTIFIER = wheel.marquis.swift.PlayLocalVideoUITests;
				PRODUCT_NAME = "$(TARGET_NAME)";
				TEST_TARGET_NAME = PlayLocalVideo;
				USES_XCTRUNNER = YES;
			};
			name = Debug;
		};
		9547F64D1C801CD200E8C769 /* Release */ = {
			isa = XCBuildConfiguration;
			buildSettings = {
				INFOPLIST_FILE = PlayLocalVideoUITests/Info.plist;
				LD_RUNPATH_SEARCH_PATHS = "$(inherited) @executable_path/Frameworks @loader_path/Frameworks";
				PRODUCT_BUNDLE_IDENTIFIER = wheel.marquis.swift.PlayLocalVideoUITests;
				PRODUCT_NAME = "$(TARGET_NAME)";
				TEST_TARGET_NAME = PlayLocalVideo;
				USES_XCTRUNNER = YES;
			};
			name = Release;
		};
/* End XCBuildConfiguration section */

/* Begin XCConfigurationList section */
		9547F6181C801CD200E8C769 /* Build configuration list for PBXProject "PlayLocalVideo" */ = {
			isa = XCConfigurationList;
			buildConfigurations = (
				9547F6431C801CD200E8C769 /* Debug */,
				9547F6441C801CD200E8C769 /* Release */,
			);
			defaultConfigurationIsVisible = 0;
			defaultConfigurationName = Release;
		};
		9547F6451C801CD200E8C769 /* Build configuration list for PBXNativeTarget "PlayLocalVideo" */ = {
			isa = XCConfigurationList;
			buildConfigurations = (
				9547F6461C801CD200E8C769 /* Debug */,
				9547F6471C801CD200E8C769 /* Release */,
			);
			defaultConfigurationIsVisible = 0;
			defaultConfigurationName = Release;
		};
		9547F6481C801CD200E8C769 /* Build configuration list for PBXNativeTarget "PlayLocalVideoTests" */ = {
			isa = XCConfigurationList;
			buildConfigurations = (
				9547F6491C801CD200E8C769 /* Debug */,
				9547F64A1C801CD200E8C769 /* Release */,
			);
			defaultConfigurationIsVisible = 0;
			defaultConfigurationName = Release;
		};
		9547F64B1C801CD200E8C769 /* Build configuration list for PBXNativeTarget "PlayLocalVideoUITests" */ = {
			isa = XCConfigurationList;
			buildConfigurations = (
				9547F64C1C801CD200E8C769 /* Debug */,
				9547F64D1C801CD200E8C769 /* Release */,
			);
			defaultConfigurationIsVisible = 0;
			defaultConfigurationName = Release;
		};
/* End XCConfigurationList section */
	};
	rootObject = 9547F6151C801CD200E8C769 /* Project object */;
}
