// !$*UTF8*$!
{
	archiveVersion = 1;
	classes = {
	};
	objectVersion = 46;
	objects = {

/* Begin PBXBuildFile section */
		9547F5D71C7EDDAA00E8C769 /* AppDelegate.swift in Sources */ = {isa = PBXBuildFile; fileRef = 9547F5D61C7EDDAA00E8C769 /* AppDelegate.swift */; };
		9547F5D91C7EDDAA00E8C769 /* ViewController.swift in Sources */ = {isa = PBXBuildFile; fileRef = 9547F5D81C7EDDAA00E8C769 /* ViewController.swift */; };
		9547F5DC1C7EDDAA00E8C769 /* Main.storyboard in Resources */ = {isa = PBXBuildFile; fileRef = 9547F5DA1C7EDDAA00E8C769 /* Main.storyboard */; };
		9547F5DE1C7EDDAA00E8C769 /* Assets.xcassets in Resources */ = {isa = PBXBuildFile; fileRef = 9547F5DD1C7EDDAA00E8C769 /* Assets.xcassets */; };
		9547F5E11C7EDDAA00E8C769 /* LaunchScreen.storyboard in Resources */ = {isa = PBXBuildFile; fileRef = 9547F5DF1C7EDDAA00E8C769 /* LaunchScreen.storyboard */; };
		9547F5EC1C7EDDAA00E8C769 /* CustomFontTests.swift in Sources */ = {isa = PBXBuildFile; fileRef = 9547F5EB1C7EDDAA00E8C769 /* CustomFontTests.swift */; };
		9547F5F71C7EDDAA00E8C769 /* CustomFontUITests.swift in Sources */ = {isa = PBXBuildFile; fileRef = 9547F5F61C7EDDAA00E8C769 /* CustomFontUITests.swift */; };
/* End PBXBuildFile section */

/* Begin PBXContainerItemProxy section */
		9547F5E81C7EDDAA00E8C769 /* PBXContainerItemProxy */ = {
			isa = PBXContainerItemProxy;
			containerPortal = 9547F5CB1C7EDDAA00E8C769 /* Project object */;
			proxyType = 1;
			remoteGlobalIDString = 9547F5D21C7EDDAA00E8C769;
			remoteInfo = CustomFont;
		};
		9547F5F31C7EDDAA00E8C769 /* PBXContainerItemProxy */ = {
			isa = PBXContainerItemProxy;
			containerPortal = 9547F5CB1C7EDDAA00E8C769 /* Project object */;
			proxyType = 1;
			remoteGlobalIDString = 9547F5D21C7EDDAA00E8C769;
			remoteInfo = CustomFont;
		};
/* End PBXContainerItemProxy section */

/* Begin PBXFileReference section */
		9547F5D31C7EDDAA00E8C769 /* CustomFont.app */ = {isa = PBXFileReference; explicitFileType = wrapper.application; includeInIndex = 0; path = CustomFont.app; sourceTree = BUILT_PRODUCTS_DIR; };
		9547F5D61C7EDDAA00E8C769 /* AppDelegate.swift */ = {isa = PBXFileReference; lastKnownFileType = sourcecode.swift; path = AppDelegate.swift; sourceTree = "<group>"; };
		9547F5D81C7EDDAA00E8C769 /* ViewController.swift */ = {isa = PBXFileReference; lastKnownFileType = sourcecode.swift; path = ViewController.swift; sourceTree = "<group>"; };
		9547F5DB1C7EDDAA00E8C769 /* Base */ = {isa = PBXFileReference; lastKnownFileType = file.storyboard; name = Base; path = Base.lproj/Main.storyboard; sourceTree = "<group>"; };
		9547F5DD1C7EDDAA00E8C769 /* Assets.xcassets */ = {isa = PBXFileReference; lastKnownFileType = folder.assetcatalog; path = Assets.xcassets; sourceTree = "<group>"; };
		9547F5E01C7EDDAA00E8C769 /* Base */ = {isa = PBXFileReference; lastKnownFileType = file.storyboard; name = Base; path = Base.lproj/LaunchScreen.storyboard; sourceTree = "<group>"; };
		9547F5E21C7EDDAA00E8C769 /* Info.plist */ = {isa = PBXFileReference; lastKnownFileType = text.plist.xml; path = Info.plist; sourceTree = "<group>"; };
		9547F5E71C7EDDAA00E8C769 /* CustomFontTests.xctest */ = {isa = PBXFileReference; explicitFileType = wrapper.cfbundle; includeInIndex = 0; path = CustomFontTests.xctest; sourceTree = BUILT_PRODUCTS_DIR; };
		9547F5EB1C7EDDAA00E8C769 /* CustomFontTests.swift */ = {isa = PBXFileReference; lastKnownFileType = sourcecode.swift; path = CustomFontTests.swift; sourceTree = "<group>"; };
		9547F5ED1C7EDDAA00E8C769 /* Info.plist */ = {isa = PBXFileReference; lastKnownFileType = text.plist.xml; path = Info.plist; sourceTree = "<group>"; };
		9547F5F21C7EDDAA00E8C769 /* CustomFontUITests.xctest */ = {isa = PBXFileReference; explicitFileType = wrapper.cfbundle; includeInIndex = 0; path = CustomFontUITests.xctest; sourceTree = BUILT_PRODUCTS_DIR; };
		9547F5F61C7EDDAA00E8C769 /* CustomFontUITests.swift */ = {isa = PBXFileReference; lastKnownFileType = sourcecode.swift; path = CustomFontUITests.swift; sourceTree = "<group>"; };
		9547F5F81C7EDDAA00E8C769 /* Info.plist */ = {isa = PBXFileReference; lastKnownFileType = text.plist.xml; path = Info.plist; sourceTree = "<group>"; };
/* End PBXFileReference section */

/* Begin PBXFrameworksBuildPhase section */
		9547F5D01C7EDDAA00E8C769 /* Frameworks */ = {
			isa = PBXFrameworksBuildPhase;
			buildActionMask = 2147483647;
			files = (
			);
			runOnlyForDeploymentPostprocessing = 0;
		};
		9547F5E41C7EDDAA00E8C769 /* Frameworks */ = {
			isa = PBXFrameworksBuildPhase;
			buildActionMask = 2147483647;
			files = (
			);
			runOnlyForDeploymentPostprocessing = 0;
		};
		9547F5EF1C7EDDAA00E8C769 /* Frameworks */ = {
			isa = PBXFrameworksBuildPhase;
			buildActionMask = 2147483647;
			files = (
			);
			runOnlyForDeploymentPostprocessing = 0;
		};
/* End PBXFrameworksBuildPhase section */

/* Begin PBXGroup section */
		9547F5CA1C7EDDAA00E8C769 = {
			isa = PBXGroup;
			children = (
				9547F5D51C7EDDAA00E8C769 /* CustomFont */,
				9547F5EA1C7EDDAA00E8C769 /* CustomFontTests */,
				9547F5F51C7EDDAA00E8C769 /* CustomFontUITests */,
				9547F5D41C7EDDAA00E8C769 /* Products */,
			);
			sourceTree = "<group>";
		};
		9547F5D41C7EDDAA00E8C769 /* Products */ = {
			isa = PBXGroup;
			children = (
				9547F5D31C7EDDAA00E8C769 /* CustomFont.app */,
				9547F5E71C7EDDAA00E8C769 /* CustomFontTests.xctest */,
				9547F5F21C7EDDAA00E8C769 /* CustomFontUITests.xctest */,
			);
			name = Products;
			sourceTree = "<group>";
		};
		9547F5D51C7EDDAA00E8C769 /* CustomFont */ = {
			isa = PBXGroup;
			children = (
				9547F5D61C7EDDAA00E8C769 /* AppDelegate.swift */,
				9547F5D81C7EDDAA00E8C769 /* ViewController.swift */,
				9547F5DA1C7EDDAA00E8C769 /* Main.storyboard */,
				9547F5DD1C7EDDAA00E8C769 /* Assets.xcassets */,
				9547F5DF1C7EDDAA00E8C769 /* LaunchScreen.storyboard */,
				9547F5E21C7EDDAA00E8C769 /* Info.plist */,
			);
			path = CustomFont;
			sourceTree = "<group>";
		};
		9547F5EA1C7EDDAA00E8C769 /* CustomFontTests */ = {
			isa = PBXGroup;
			children = (
				9547F5EB1C7EDDAA00E8C769 /* CustomFontTests.swift */,
				9547F5ED1C7EDDAA00E8C769 /* Info.plist */,
			);
			path = CustomFontTests;
			sourceTree = "<group>";
		};
		9547F5F51C7EDDAA00E8C769 /* CustomFontUITests */ = {
			isa = PBXGroup;
			children = (
				9547F5F61C7EDDAA00E8C769 /* CustomFontUITests.swift */,
				9547F5F81C7EDDAA00E8C769 /* Info.plist */,
			);
			path = CustomFontUITests;
			sourceTree = "<group>";
		};
/* End PBXGroup section */

/* Begin PBXNativeTarget section */
		9547F5D21C7EDDAA00E8C769 /* CustomFont */ = {
			isa = PBXNativeTarget;
			buildConfigurationList = 9547F5FB1C7EDDAA00E8C769 /* Build configuration list for PBXNativeTarget "CustomFont" */;
			buildPhases = (
				9547F5CF1C7EDDAA00E8C769 /* Sources */,
				9547F5D01C7EDDAA00E8C769 /* Frameworks */,
				9547F5D11C7EDDAA00E8C769 /* Resources */,
			);
			buildRules = (
			);
			dependencies = (
			);
			name = CustomFont;
			productName = CustomFont;
			productReference = 9547F5D31C7EDDAA00E8C769 /* CustomFont.app */;
			productType = "com.apple.product-type.application";
		};
		9547F5E61C7EDDAA00E8C769 /* CustomFontTests */ = {
			isa = PBXNativeTarget;
			buildConfigurationList = 9547F5FE1C7EDDAA00E8C769 /* Build configuration list for PBXNativeTarget "CustomFontTests" */;
			buildPhases = (
				9547F5E31C7EDDAA00E8C769 /* Sources */,
				9547F5E41C7EDDAA00E8C769 /* Frameworks */,
				9547F5E51C7EDDAA00E8C769 /* Resources */,
			);
			buildRules = (
			);
			dependencies = (
				9547F5E91C7EDDAA00E8C769 /* PBXTargetDependency */,
			);
			name = CustomFontTests;
			productName = CustomFontTests;
			productReference = 9547F5E71C7EDDAA00E8C769 /* CustomFontTests.xctest */;
			productType = "com.apple.product-type.bundle.unit-test";
		};
		9547F5F11C7EDDAA00E8C769 /* CustomFontUITests */ = {
			isa = PBXNativeTarget;
			buildConfigurationList = 9547F6011C7EDDAA00E8C769 /* Build configuration list for PBXNativeTarget "CustomFontUITests" */;
			buildPhases = (
				9547F5EE1C7EDDAA00E8C769 /* Sources */,
				9547F5EF1C7EDDAA00E8C769 /* Frameworks */,
				9547F5F01C7EDDAA00E8C769 /* Resources */,
			);
			buildRules = (
			);
			dependencies = (
				9547F5F41C7EDDAA00E8C769 /* PBXTargetDependency */,
			);
			name = CustomFontUITests;
			productName = CustomFontUITests;
			productReference = 9547F5F21C7EDDAA00E8C769 /* CustomFontUITests.xctest */;
			productType = "com.apple.product-type.bundle.ui-testing";
		};
/* End PBXNativeTarget section */

/* Begin PBXProject section */
		9547F5CB1C7EDDAA00E8C769 /* Project object */ = {
			isa = PBXProject;
			attributes = {
				LastSwiftUpdateCheck = 0720;
				LastUpgradeCheck = 0720;
				ORGANIZATIONNAME = marquis;
				TargetAttributes = {
					9547F5D21C7EDDAA00E8C769 = {
						CreatedOnToolsVersion = 7.2;
					};
					9547F5E61C7EDDAA00E8C769 = {
						CreatedOnToolsVersion = 7.2;
						TestTargetID = 9547F5D21C7EDDAA00E8C769;
					};
					9547F5F11C7EDDAA00E8C769 = {
						CreatedOnToolsVersion = 7.2;
						TestTargetID = 9547F5D21C7EDDAA00E8C769;
					};
				};
			};
			buildConfigurationList = 9547F5CE1C7EDDAA00E8C769 /* Build configuration list for PBXProject "CustomFont" */;
			compatibilityVersion = "Xcode 3.2";
			developmentRegion = English;
			hasScannedForEncodings = 0;
			knownRegions = (
				en,
				Base,
			);
			mainGroup = 9547F5CA1C7EDDAA00E8C769;
			productRefGroup = 9547F5D41C7EDDAA00E8C769 /* Products */;
			projectDirPath = "";
			projectRoot = "";
			targets = (
				9547F5D21C7EDDAA00E8C769 /* CustomFont */,
				9547F5E61C7EDDAA00E8C769 /* CustomFontTests */,
				9547F5F11C7EDDAA00E8C769 /* CustomFontUITests */,
			);
		};
/* End PBXProject section */

/* Begin PBXResourcesBuildPhase section */
		9547F5D11C7EDDAA00E8C769 /* Resources */ = {
			isa = PBXResourcesBuildPhase;
			buildActionMask = 2147483647;
			files = (
				9547F5E11C7EDDAA00E8C769 /* LaunchScreen.storyboard in Resources */,
				9547F5DE1C7EDDAA00E8C769 /* Assets.xcassets in Resources */,
				9547F5DC1C7EDDAA00E8C769 /* Main.storyboard in Resources */,
			);
			runOnlyForDeploymentPostprocessing = 0;
		};
		9547F5E51C7EDDAA00E8C769 /* Resources */ = {
			isa = PBXResourcesBuildPhase;
			buildActionMask = 2147483647;
			files = (
			);
			runOnlyForDeploymentPostprocessing = 0;
		};
		9547F5F01C7EDDAA00E8C769 /* Resources */ = {
			isa = PBXResourcesBuildPhase;
			buildActionMask = 2147483647;
			files = (
			);
			runOnlyForDeploymentPostprocessing = 0;
		};
/* End PBXResourcesBuildPhase section */

/* Begin PBXSourcesBuildPhase section */
		9547F5CF1C7EDDAA00E8C769 /* Sources */ = {
			isa = PBXSourcesBuildPhase;
			buildActionMask = 2147483647;
			files = (
				9547F5D91C7EDDAA00E8C769 /* ViewController.swift in Sources */,
				9547F5D71C7EDDAA00E8C769 /* AppDelegate.swift in Sources */,
			);
			runOnlyForDeploymentPostprocessing = 0;
		};
		9547F5E31C7EDDAA00E8C769 /* Sources */ = {
			isa = PBXSourcesBuildPhase;
			buildActionMask = 2147483647;
			files = (
				9547F5EC1C7EDDAA00E8C769 /* CustomFontTests.swift in Sources */,
			);
			runOnlyForDeploymentPostprocessing = 0;
		};
		9547F5EE1C7EDDAA00E8C769 /* Sources */ = {
			isa = PBXSourcesBuildPhase;
			buildActionMask = 2147483647;
			files = (
				9547F5F71C7EDDAA00E8C769 /* CustomFontUITests.swift in Sources */,
			);
			runOnlyForDeploymentPostprocessing = 0;
		};
/* End PBXSourcesBuildPhase section */

/* Begin PBXTargetDependency section */
		9547F5E91C7EDDAA00E8C769 /* PBXTargetDependency */ = {
			isa = PBXTargetDependency;
			target = 9547F5D21C7EDDAA00E8C769 /* CustomFont */;
			targetProxy = 9547F5E81C7EDDAA00E8C769 /* PBXContainerItemProxy */;
		};
		9547F5F41C7EDDAA00E8C769 /* PBXTargetDependency */ = {
			isa = PBXTargetDependency;
			target = 9547F5D21C7EDDAA00E8C769 /* CustomFont */;
			targetProxy = 9547F5F31C7EDDAA00E8C769 /* PBXContainerItemProxy */;
		};
/* End PBXTargetDependency section */

/* Begin PBXVariantGroup section */
		9547F5DA1C7EDDAA00E8C769 /* Main.storyboard */ = {
			isa = PBXVariantGroup;
			children = (
				9547F5DB1C7EDDAA00E8C769 /* Base */,
			);
			name = Main.storyboard;
			sourceTree = "<group>";
		};
		9547F5DF1C7EDDAA00E8C769 /* LaunchScreen.storyboard */ = {
			isa = PBXVariantGroup;
			children = (
				9547F5E01C7EDDAA00E8C769 /* Base */,
			);
			name = LaunchScreen.storyboard;
			sourceTree = "<group>";
		};
/* End PBXVariantGroup section */

/* Begin XCBuildConfiguration section */
		9547F5F91C7EDDAA00E8C769 /* Debug */ = {
			isa = XCBuildConfiguration;
			buildSettings = {
				ALWAYS_SEARCH_USER_PATHS = NO;
				CLANG_CXX_LANGUAGE_STANDARD = "gnu++0x";
				CLANG_CXX_LIBRARY = "libc++";
				CLANG_ENABLE_MODULES = YES;
				CLANG_ENABLE_OBJC_ARC = YES;
				CLANG_WARN_BOOL_CONVERSION = YES;
				CLANG_WARN_CONSTANT_CONVERSION = YES;
				CLANG_WARN_DIRECT_OBJC_ISA_USAGE = YES_ERROR;
				CLANG_WARN_EMPTY_BODY = YES;
				CLANG_WARN_ENUM_CONVERSION = YES;
				CLANG_WARN_INT_CONVERSION = YES;
				CLANG_WARN_OBJC_ROOT_CLASS = YES_ERROR;
				CLANG_WARN_UNREACHABLE_CODE = YES;
				CLANG_WARN__DUPLICATE_METHOD_MATCH = YES;
				"CODE_SIGN_IDENTITY[sdk=iphoneos*]" = "iPhone Developer";
				COPY_PHASE_STRIP = NO;
				DEBUG_INFORMATION_FORMAT = dwarf;
				ENABLE_STRICT_OBJC_MSGSEND = YES;
				ENABLE_TESTABILITY = YES;
				GCC_C_LANGUAGE_STANDARD = gnu99;
				GCC_DYNAMIC_NO_PIC = NO;
				GCC_NO_COMMON_BLOCKS = YES;
				GCC_OPTIMIZATION_LEVEL = 0;
				GCC_PREPROCESSOR_DEFINITIONS = (
					"DEBUG=1",
					"$(inherited)",
				);
				GCC_WARN_64_TO_32_BIT_CONVERSION = YES;
				GCC_WARN_ABOUT_RETURN_TYPE = YES_ERROR;
				GCC_WARN_UNDECLARED_SELECTOR = YES;
				GCC_WARN_UNINITIALIZED_AUTOS = YES_AGGRESSIVE;
				GCC_WARN_UNUSED_FUNCTION = YES;
				GCC_WARN_UNUSED_VARIABLE = YES;
				IPHONEOS_DEPLOYMENT_TARGET = 9.2;
				MTL_ENABLE_DEBUG_INFO = YES;
				ONLY_ACTIVE_ARCH = YES;
				SDKROOT = iphoneos;
				SWIFT_OPTIMIZATION_LEVEL = "-Onone";
			};
			name = Debug;
		};
		9547F5FA1C7EDDAA00E8C769 /* Release */ = {
			isa = XCBuildConfiguration;
			buildSettings = {
				ALWAYS_SEARCH_USER_PATHS = NO;
				CLANG_CXX_LANGUAGE_STANDARD = "gnu++0x";
				CLANG_CXX_LIBRARY = "libc++";
				CLANG_ENABLE_MODULES = YES;
				CLANG_ENABLE_OBJC_ARC = YES;
				CLANG_WARN_BOOL_CONVERSION = YES;
				CLANG_WARN_CONSTANT_CONVERSION = YES;
				CLANG_WARN_DIRECT_OBJC_ISA_USAGE = YES_ERROR;
				CLANG_WARN_EMPTY_BODY = YES;
				CLANG_WARN_ENUM_CONVERSION = YES;
				CLANG_WARN_INT_CONVERSION = YES;
				CLANG_WARN_OBJC_ROOT_CLASS = YES_ERROR;
				CLANG_WARN_UNREACHABLE_CODE = YES;
				CLANG_WARN__DUPLICATE_METHOD_MATCH = YES;
				"CODE_SIGN_IDENTITY[sdk=iphoneos*]" = "iPhone Developer";
				COPY_PHASE_STRIP = NO;
				DEBUG_INFORMATION_FORMAT = "dwarf-with-dsym";
				ENABLE_NS_ASSERTIONS = NO;
				ENABLE_STRICT_OBJC_MSGSEND = YES;
				GCC_C_LANGUAGE_STANDARD = gnu99;
				GCC_NO_COMMON_BLOCKS = YES;
				GCC_WARN_64_TO_32_BIT_CONVERSION = YES;
				GCC_WARN_ABOUT_RETURN_TYPE = YES_ERROR;
				GCC_WARN_UNDECLARED_SELECTOR = YES;
				GCC_WARN_UNINITIALIZED_AUTOS = YES_AGGRESSIVE;
				GCC_WARN_UNUSED_FUNCTION = YES;
				GCC_WARN_UNUSED_VARIABLE = YES;
				IPHONEOS_DEPLOYMENT_TARGET = 9.2;
				MTL_ENABLE_DEBUG_INFO = NO;
				SDKROOT = iphoneos;
				VALIDATE_PRODUCT = YES;
			};
			name = Release;
		};
		9547F5FC1C7EDDAA00E8C769 /* Debug */ = {
			isa = XCBuildConfiguration;
			buildSettings = {
				ASSETCATALOG_COMPILER_APPICON_NAME = AppIcon;
				INFOPLIST_FILE = CustomFont/Info.plist;
				LD_RUNPATH_SEARCH_PATHS = "$(inherited) @executable_path/Frameworks";
				PRODUCT_BUNDLE_IDENTIFIER = wheel.marquis.swift.CustomFont;
				PRODUCT_NAME = "$(TARGET_NAME)";
			};
			name = Debug;
		};
		9547F5FD1C7EDDAA00E8C769 /* Release */ = {
			isa = XCBuildConfiguration;
			buildSettings = {
				ASSETCATALOG_COMPILER_APPICON_NAME = AppIcon;
				INFOPLIST_FILE = CustomFont/Info.plist;
				LD_RUNPATH_SEARCH_PATHS = "$(inherited) @executable_path/Frameworks";
				PRODUCT_BUNDLE_IDENTIFIER = wheel.marquis.swift.CustomFont;
				PRODUCT_NAME = "$(TARGET_NAME)";
			};
			name = Release;
		};
		9547F5FF1C7EDDAA00E8C769 /* Debug */ = {
			isa = XCBuildConfiguration;
			buildSettings = {
				BUNDLE_LOADER = "$(TEST_HOST)";
				INFOPLIST_FILE = CustomFontTests/Info.plist;
				LD_RUNPATH_SEARCH_PATHS = "$(inherited) @executable_path/Frameworks @loader_path/Frameworks";
				PRODUCT_BUNDLE_IDENTIFIER = wheel.marquis.swift.CustomFontTests;
				PRODUCT_NAME = "$(TARGET_NAME)";
				TEST_HOST = "$(BUILT_PRODUCTS_DIR)/CustomFont.app/CustomFont";
			};
			name = Debug;
		};
		9547F6001C7EDDAA00E8C769 /* Release */ = {
			isa = XCBuildConfiguration;
			buildSettings = {
				BUNDLE_LOADER = "$(TEST_HOST)";
				INFOPLIST_FILE = CustomFontTests/Info.plist;
				LD_RUNPATH_SEARCH_PATHS = "$(inherited) @executable_path/Frameworks @loader_path/Frameworks";
				PRODUCT_BUNDLE_IDENTIFIER = wheel.marquis.swift.CustomFontTests;
				PRODUCT_NAME = "$(TARGET_NAME)";
				TEST_HOST = "$(BUILT_PRODUCTS_DIR)/CustomFont.app/CustomFont";
			};
			name = Release;
		};
		9547F6021C7EDDAA00E8C769 /* Debug */ = {
			isa = XCBuildConfiguration;
			buildSettings = {
				INFOPLIST_FILE = CustomFontUITests/Info.plist;
				LD_RUNPATH_SEARCH_PATHS = "$(inherited) @executable_path/Frameworks @loader_path/Frameworks";
				PRODUCT_BUNDLE_IDENTIFIER = wheel.marquis.swift.CustomFontUITests;
				PRODUCT_NAME = "$(TARGET_NAME)";
				TEST_TARGET_NAME = CustomFont;
				USES_XCTRUNNER = YES;
			};
			name = Debug;
		};
		9547F6031C7EDDAA00E8C769 /* Release */ = {
			isa = XCBuildConfiguration;
			buildSettings = {
				INFOPLIST_FILE = CustomFontUITests/Info.plist;
				LD_RUNPATH_SEARCH_PATHS = "$(inherited) @executable_path/Frameworks @loader_path/Frameworks";
				PRODUCT_BUNDLE_IDENTIFIER = wheel.marquis.swift.CustomFontUITests;
				PRODUCT_NAME = "$(TARGET_NAME)";
				TEST_TARGET_NAME = CustomFont;
				USES_XCTRUNNER = YES;
			};
			name = Release;
		};
/* End XCBuildConfiguration section */

/* Begin XCConfigurationList section */
		9547F5CE1C7EDDAA00E8C769 /* Build configuration list for PBXProject "CustomFont" */ = {
			isa = XCConfigurationList;
			buildConfigurations = (
				9547F5F91C7EDDAA00E8C769 /* Debug */,
				9547F5FA1C7EDDAA00E8C769 /* Release */,
			);
			defaultConfigurationIsVisible = 0;
			defaultConfigurationName = Release;
		};
		9547F5FB1C7EDDAA00E8C769 /* Build configuration list for PBXNativeTarget "CustomFont" */ = {
			isa = XCConfigurationList;
			buildConfigurations = (
				9547F5FC1C7EDDAA00E8C769 /* Debug */,
				9547F5FD1C7EDDAA00E8C769 /* Release */,
			);
			defaultConfigurationIsVisible = 0;
		};
		9547F5FE1C7EDDAA00E8C769 /* Build configuration list for PBXNativeTarget "CustomFontTests" */ = {
			isa = XCConfigurationList;
			buildConfigurations = (
				9547F5FF1C7EDDAA00E8C769 /* Debug */,
				9547F6001C7EDDAA00E8C769 /* Release */,
			);
			defaultConfigurationIsVisible = 0;
		};
		9547F6011C7EDDAA00E8C769 /* Build configuration list for PBXNativeTarget "CustomFontUITests" */ = {
			isa = XCConfigurationList;
			buildConfigurations = (
				9547F6021C7EDDAA00E8C769 /* Debug */,
				9547F6031C7EDDAA00E8C769 /* Release */,
			);
			defaultConfigurationIsVisible = 0;
		};
/* End XCConfigurationList section */
	};
	rootObject = 9547F5CB1C7EDDAA00E8C769 /* Project object */;
}
